
Microsoft Visual Studio Solution File, Format Version 12.00
# Visual Studio 15
VisualStudioVersion = 15.0.28307.1340
MinimumVisualStudioVersion = 10.0.40219.1
Project("{FAE04EC0-301F-11D3-BF4B-00C04F79EFBC}") = "Pipeline", "Pipeline\Pipeline.csproj", "{89F54BB1-AEB1-498F-B398-565E79722E8C}"
EndProject
Global
	GlobalSection(SolutionConfigurationPlatforms) = preSolution
		Debug|Any CPU = Debug|Any CPU
		Release|Any CPU = Release|Any CPU
	EndGlobalSection
	GlobalSection(ProjectConfigurationPlatforms) = postSolution
		{89F54BB1-AEB1-498F-B398-565E79722E8C}.Debug|Any CPU.ActiveCfg = Debug|Any CPU
		{89F54BB1-AEB1-498F-B398-565E79722E8C}.Debug|Any CPU.Build.0 = Debug|Any CPU
		{89F54BB1-AEB1-498F-B398-565E79722E8C}.Release|Any CPU.ActiveCfg = Release|Any CPU
		{89F54BB1-AEB1-498F-B398-565E79722E8C}.Release|Any CPU.Build.0 = Release|Any CPU
	EndGlobalSection
	GlobalSection(SolutionProperties) = preSolution
		HideSolutionNode = FALSE
	EndGlobalSection
	GlobalSection(ExtensibilityGlobals) = postSolution
		SolutionGuid = {0BA970E8-BABB-4251-B285-67283103BFE8}
	EndGlobalSection
EndGlobal
